# This file is generated by `zrail update`; do not edit by hand.
schema = 1
semantics = 2
producer = "0.0.2"
contract_sha256 = "6f9ea10aa599e8906b3cc1026c9dd9e4e8e5de2e9d13a0a99c804805788d860c"
ratchet = []

[[package]]
name = "zlid"

[[package.dependency]]
alias = "getrandom"
name = "getrandom"
crate_root = "getrandom"
kind = "normal"
scope = "external"
optional = false
default_features = true

[package.dependency.source]
kind = "registry"
requirement = "0.4.3"
