# This file is generated by `zrail update`; do not edit by hand.
schema = 2
semantics = 3
producer = "0.0.3-rc.4"
contract_sha256 = "9ccf8d9fec32a9f7e78b735e89cc884e5458a61a70d44bbf0ecea9b2461b2d75"
ratchet = []

[analysis]
inventory_sha256 = "662269420b588e8524a1f9723234328db8de9aede4dc5e1d99acb8aed3ee8d14"
exclusions_sha256 = "e3b0c44298fc1c149afbf4c8996fb92427ae41e4649b934ca495991b7852b855"
cargo_lock_sha256 = "c0ff19d8b06220bff9a9faf1c8fe0787cb3c569077b1ca3851133b86f6ba8c2c"
packages = 1
targets = 18
physical_rust_files = 62
base_source_contexts = 86
derived_source_contexts = 0
source_facts = 18436
projection_queries = 0
projected_facts = 0
unresolved_bindings = 0
analyzer_semantics = 3

[[analysis.contract_source]]
path = "zrail.toml"
sha256 = "2b97cdc9caf945ffcdd18f2c90ed1eaeb42b4f8840f781f0c33cd4805b7b9827"

[[package]]
name = "zlid"

[[package.dependency]]
alias = "allocation-counter"
name = "allocation-counter"
crate_root = "allocation_counter"
kind = "development"
scope = "external"
target = 'cfg(not(target_arch = "wasm32"))'
optional = false
default_features = true

[package.dependency.source]
kind = "registry"
requirement = "=0.8.1"

[[package.dependency]]
alias = "getrandom"
name = "getrandom"
crate_root = "getrandom"
kind = "normal"
scope = "external"
optional = false
default_features = true

[package.dependency.source]
kind = "registry"
requirement = "0.4.3"

[[package.dependency]]
alias = "hmac"
name = "hmac"
crate_root = "hmac"
kind = "normal"
scope = "external"
optional = false
default_features = true

[package.dependency.source]
kind = "registry"
requirement = "0.13.0"

[[package.dependency]]
alias = "js-sys"
name = "js-sys"
crate_root = "js_sys"
kind = "normal"
scope = "external"
target = 'cfg(all(target_arch = "wasm32", target_os = "unknown"))'
optional = true
default_features = true

[package.dependency.source]
kind = "registry"
requirement = "0.3.104"

[[package.dependency]]
alias = "postcard"
name = "postcard"
crate_root = "postcard"
kind = "development"
scope = "external"
optional = false
default_features = false

[package.dependency.source]
kind = "registry"
requirement = "1.1.3"

[[package.dependency]]
alias = "serde"
name = "serde"
crate_root = "serde"
kind = "normal"
scope = "external"
optional = true
default_features = false

[package.dependency.source]
kind = "registry"
requirement = "1.0.229"

[[package.dependency]]
alias = "serde_json"
name = "serde_json"
crate_root = "serde_json"
kind = "development"
scope = "external"
optional = false
default_features = true

[package.dependency.source]
kind = "registry"
requirement = "1.0.151"

[[package.dependency]]
alias = "sha2"
name = "sha2"
crate_root = "sha2"
kind = "normal"
scope = "external"
optional = false
default_features = false

[package.dependency.source]
kind = "registry"
requirement = "0.11.0"

[[package.dependency]]
alias = "wasm-bindgen-test"
name = "wasm-bindgen-test"
crate_root = "wasm_bindgen_test"
kind = "development"
scope = "external"
target = 'cfg(all(target_arch = "wasm32", target_os = "unknown"))'
optional = false
default_features = true

[package.dependency.source]
kind = "registry"
requirement = "=0.3.77"
