# This file is generated by `zrail update`; do not edit by hand.
schema = 2
semantics = 3
producer = "0.0.3-rc.4"
contract_sha256 = "7ca4d7b45de6e0357648eec15560c45c94cc19a67d86661edfc03d19c27e9d76"
ratchet = []

[analysis]
inventory_sha256 = "774184bc8b82d4276adf169e815e05dbbd1305e422ccfa0384b4618147be6e88"
exclusions_sha256 = "e3b0c44298fc1c149afbf4c8996fb92427ae41e4649b934ca495991b7852b855"
cargo_lock_sha256 = "fcab29a16b1185d147975320583dd75a7858c1711864338a5a694175679bc4e1"
packages = 1
targets = 10
physical_rust_files = 41
base_source_contexts = 59
derived_source_contexts = 0
source_facts = 12605
projection_queries = 0
projected_facts = 0
unresolved_bindings = 0
analyzer_semantics = 3

[[analysis.contract_source]]
path = "zrail.toml"
sha256 = "8021a5618742da3bac5b6d6e81dd563d5016bc0a9d0e628ba85fc863cdb92058"

[[package]]
name = "zlid"

[[package.dependency]]
alias = "getrandom"
name = "getrandom"
crate_root = "getrandom"
kind = "normal"
scope = "external"
optional = false
default_features = true

[package.dependency.source]
kind = "registry"
requirement = "0.4.3"

[[package.dependency]]
alias = "js-sys"
name = "js-sys"
crate_root = "js_sys"
kind = "normal"
scope = "external"
target = 'cfg(all(target_arch = "wasm32", target_os = "unknown"))'
optional = true
default_features = true

[package.dependency.source]
kind = "registry"
requirement = "0.3.104"

[[package.dependency]]
alias = "wasm-bindgen-test"
name = "wasm-bindgen-test"
crate_root = "wasm_bindgen_test"
kind = "development"
scope = "external"
target = 'cfg(all(target_arch = "wasm32", target_os = "unknown"))'
optional = false
default_features = true

[package.dependency.source]
kind = "registry"
requirement = "=0.3.77"
